
Microsoft Visual Studio Solution File, Format Version 12.00
# Visual Studio Version 17
VisualStudioVersion = 17.8.34408.163
MinimumVisualStudioVersion = 10.0.40219.1
Project("{FAE04EC0-301F-11D3-BF4B-00C04F79EFBC}") = "Forms", "Forms\Forms.csproj", "{B334A607-C60C-4697-BAD3-CE1A671CB0BD}"
EndProject
Project("{FAE04EC0-301F-11D3-BF4B-00C04F79EFBC}") = "ContadorDePalabras", "Texto\ContadorDePalabras.csproj", "{F716EFAD-B8E6-4E4A-B689-79FC05E38A91}"
EndProject
Project("{FAE04EC0-301F-11D3-BF4B-00C04F79EFBC}") = "Consola", "Consola\Consola.csproj", "{D6944BB5-66D9-45D2-BF8A-3D6B86F11707}"
EndProject
Global
	GlobalSection(SolutionConfigurationPlatforms) = preSolution
		Debug|Any CPU = Debug|Any CPU
		Release|Any CPU = Release|Any CPU
	EndGlobalSection
	GlobalSection(ProjectConfigurationPlatforms) = postSolution
		{B334A607-C60C-4697-BAD3-CE1A671CB0BD}.Debug|Any CPU.ActiveCfg = Debug|Any CPU
		{B334A607-C60C-4697-BAD3-CE1A671CB0BD}.Debug|Any CPU.Build.0 = Debug|Any CPU
		{B334A607-C60C-4697-BAD3-CE1A671CB0BD}.Release|Any CPU.ActiveCfg = Release|Any CPU
		{B334A607-C60C-4697-BAD3-CE1A671CB0BD}.Release|Any CPU.Build.0 = Release|Any CPU
		{F716EFAD-B8E6-4E4A-B689-79FC05E38A91}.Debug|Any CPU.ActiveCfg = Debug|Any CPU
		{F716EFAD-B8E6-4E4A-B689-79FC05E38A91}.Debug|Any CPU.Build.0 = Debug|Any CPU
		{F716EFAD-B8E6-4E4A-B689-79FC05E38A91}.Release|Any CPU.ActiveCfg = Release|Any CPU
		{F716EFAD-B8E6-4E4A-B689-79FC05E38A91}.Release|Any CPU.Build.0 = Release|Any CPU
		{D6944BB5-66D9-45D2-BF8A-3D6B86F11707}.Debug|Any CPU.ActiveCfg = Debug|Any CPU
		{D6944BB5-66D9-45D2-BF8A-3D6B86F11707}.Debug|Any CPU.Build.0 = Debug|Any CPU
		{D6944BB5-66D9-45D2-BF8A-3D6B86F11707}.Release|Any CPU.ActiveCfg = Release|Any CPU
		{D6944BB5-66D9-45D2-BF8A-3D6B86F11707}.Release|Any CPU.Build.0 = Release|Any CPU
	EndGlobalSection
	GlobalSection(SolutionProperties) = preSolution
		HideSolutionNode = FALSE
	EndGlobalSection
	GlobalSection(ExtensibilityGlobals) = postSolution
		SolutionGuid = {DB73CD4A-1676-42EB-B326-01D8958D4E89}
	EndGlobalSection
EndGlobal
